
Microsoft Visual Studio Solution File, Format Version 12.00
# Visual Studio 15
Project("{FAE04EC0-301F-11D3-BF4B-00C04F79EFBC}") = "Assembly-CSharp", "Assembly-CSharp.csproj", "{DA58CAFF-65BD-7E21-0EB3-E1004E4E2F99}"
EndProject
Project("{FAE04EC0-301F-11D3-BF4B-00C04F79EFBC}") = "Assembly-CSharp-Editor", "Assembly-CSharp-Editor.csproj", "{9369CEED-4385-0E9E-8861-669476C1789C}"
EndProject
Global
	GlobalSection(SolutionConfigurationPlatforms) = preSolution
		Debug|Any CPU = Debug|Any CPU
		Release|Any CPU = Release|Any CPU
	EndGlobalSection
	GlobalSection(ProjectConfigurationPlatforms) = postSolution
		{DA58CAFF-65BD-7E21-0EB3-E1004E4E2F99}.Debug|Any CPU.ActiveCfg = Debug|Any CPU
		{DA58CAFF-65BD-7E21-0EB3-E1004E4E2F99}.Debug|Any CPU.Build.0 = Debug|Any CPU
		{DA58CAFF-65BD-7E21-0EB3-E1004E4E2F99}.Release|Any CPU.ActiveCfg = Release|Any CPU
		{DA58CAFF-65BD-7E21-0EB3-E1004E4E2F99}.Release|Any CPU.Build.0 = Release|Any CPU
		{9369CEED-4385-0E9E-8861-669476C1789C}.Debug|Any CPU.ActiveCfg = Debug|Any CPU
		{9369CEED-4385-0E9E-8861-669476C1789C}.Debug|Any CPU.Build.0 = Debug|Any CPU
		{9369CEED-4385-0E9E-8861-669476C1789C}.Release|Any CPU.ActiveCfg = Release|Any CPU
		{9369CEED-4385-0E9E-8861-669476C1789C}.Release|Any CPU.Build.0 = Release|Any CPU
	EndGlobalSection
	GlobalSection(SolutionProperties) = preSolution
		HideSolutionNode = FALSE
	EndGlobalSection
EndGlobal
